<Solution>
  <Folder Name="/Core/">
    <Project Path="Core/CarBook.Application/CarBook.Application.csproj" Id="fe270b32-0058-4b0e-97f2-8789780f56d5" />
    <Project Path="Core/CarBook.Domain/CarBook.Domain.csproj" Id="630881b3-1291-4045-aff0-0dd7ede57782" />
  </Folder>
  <Folder Name="/Frontends/">
    <Project Path="Frontends/CarBook.Dto/CarBook.Dto.csproj" Id="2a494997-91e2-4aea-8d9c-bd8a72b4fd78" />
    <Project Path="Frontends/CarBook.WebUI/CarBook.WebUI.csproj" Id="85e3bf5d-010a-4ba5-8caf-4c89cb6fbadc" />
  </Folder>
  <Folder Name="/Infrastructure/">
    <Project Path="Infrastructure/CarBook.Persistence/CarBook.Persistence.csproj" Id="245043a9-d142-424e-86dd-413495d87104" />
  </Folder>
  <Folder Name="/Presentation/">
    <Project Path="Presentation/CarBook.WebApi/CarBook.WebApi.csproj" Id="c6cd9ffe-2ea8-4bc7-bd7e-98aefdbcc8d9" />
  </Folder>
  <Folder Name="/ToDolist/">
    <File Path="StatisticList.txt" />
  </Folder>
</Solution>
